<?xml version="1.0" encoding="utf-8"?>
<Project ToolsVersion="4.0" xmlns="http://schemas.microsoft.com/developer/msbuild/2003">
  <ItemGroup>
    <ClCompile Include="ArtWork.cpp" />
    <ClCompile Include="Auth.cpp" />
    <ClCompile Include="Gallery.cpp" />
    <ClCompile Include="Home.cpp" />
    <ClCompile Include="init.h" />
    <ClCompile Include="main.cpp" />
    <ClCompile Include="OOPLogic.cpp" />
    <ClCompile Include="Artist.cpp" />
    <ClCompile Include="Cart.cpp" />
    <ClCompile Include="User.cpp" />
    <ClCompile Include="AristForm.cpp" />
    <ClCompile Include="ArtWorkForm.cpp" />
  </ItemGroup>
  <ItemGroup>
    <ClInclude Include="ArtWork.h" />
    <ClInclude Include="Auth.h" />
    <ClInclude Include="Gallery.h" />
    <ClInclude Include="Artist.h" />
    <ClInclude Include="Cart.h" />
    <ClInclude Include="Home.h" />
    <ClInclude Include="OOPLogic.h" />
    <ClInclude Include="User.h" />
    <ClInclude Include="ArtistForm.h" />
    <ClInclude Include="ArtWorkForm.h" />
  </ItemGroup>
  <ItemGroup>
    <None Include="ArtWorks.csv" />
    <None Include="Artists.csv" />
    <None Include="Users.csv" />
    <None Include="Users.json" />
  </ItemGroup>
  <ItemGroup>
    <Text Include="state.txt" />
    <Text Include="Text.txt" />
  </ItemGroup>
</Project>